// !$*UTF8*$!
{
	archiveVersion = 1;
	classes = {
	};
	objectVersion = 46;
	objects = {

/* Begin PBXBuildFile section */
		06EB85DB1C642BA200C7FF3A /* AppDelegate.swift in Sources */ = {isa = PBXBuildFile; fileRef = 06EB85DA1C642BA200C7FF3A /* AppDelegate.swift */; };
		06EB85DD1C642BA200C7FF3A /* ViewController.swift in Sources */ = {isa = PBXBuildFile; fileRef = 06EB85DC1C642BA200C7FF3A /* ViewController.swift */; };
		06EB85E01C642BA200C7FF3A /* Main.storyboard in Resources */ = {isa = PBXBuildFile; fileRef = 06EB85DE1C642BA200C7FF3A /* Main.storyboard */; };
		06EB85E21C642BA200C7FF3A /* Assets.xcassets in Resources */ = {isa = PBXBuildFile; fileRef = 06EB85E11C642BA200C7FF3A /* Assets.xcassets */; };
		06EB85E51C642BA200C7FF3A /* LaunchScreen.storyboard in Resources */ = {isa = PBXBuildFile; fileRef = 06EB85E31C642BA200C7FF3A /* LaunchScreen.storyboard */; };
		06EB85F01C642BA200C7FF3A /* practice3Tests.swift in Sources */ = {isa = PBXBuildFile; fileRef = 06EB85EF1C642BA200C7FF3A /* practice3Tests.swift */; };
		06EB85FB1C642BA200C7FF3A /* practice3UITests.swift in Sources */ = {isa = PBXBuildFile; fileRef = 06EB85FA1C642BA200C7FF3A /* practice3UITests.swift */; };
/* End PBXBuildFile section */

/* Begin PBXContainerItemProxy section */
		06EB85EC1C642BA200C7FF3A /* PBXContainerItemProxy */ = {
			isa = PBXContainerItemProxy;
			containerPortal = 06EB85CF1C642BA200C7FF3A /* Project object */;
			proxyType = 1;
			remoteGlobalIDString = 06EB85D61C642BA200C7FF3A;
			remoteInfo = practice3;
		};
		06EB85F71C642BA200C7FF3A /* PBXContainerItemProxy */ = {
			isa = PBXContainerItemProxy;
			containerPortal = 06EB85CF1C642BA200C7FF3A /* Project object */;
			proxyType = 1;
			remoteGlobalIDString = 06EB85D61C642BA200C7FF3A;
			remoteInfo = practice3;
		};
/* End PBXContainerItemProxy section */

/* Begin PBXFileReference section */
		06EB85D71C642BA200C7FF3A /* practice3.app */ = {isa = PBXFileReference; explicitFileType = wrapper.application; includeInIndex = 0; path = practice3.app; sourceTree = BUILT_PRODUCTS_DIR; };
		06EB85DA1C642BA200C7FF3A /* AppDelegate.swift */ = {isa = PBXFileReference; lastKnownFileType = sourcecode.swift; path = AppDelegate.swift; sourceTree = "<group>"; };
		06EB85DC1C642BA200C7FF3A /* ViewController.swift */ = {isa = PBXFileReference; lastKnownFileType = sourcecode.swift; path = ViewController.swift; sourceTree = "<group>"; };
		06EB85DF1C642BA200C7FF3A /* Base */ = {isa = PBXFileReference; lastKnownFileType = file.storyboard; name = Base; path = Base.lproj/Main.storyboard; sourceTree = "<group>"; };
		06EB85E11C642BA200C7FF3A /* Assets.xcassets */ = {isa = PBXFileReference; lastKnownFileType = folder.assetcatalog; path = Assets.xcassets; sourceTree = "<group>"; };
		06EB85E41C642BA200C7FF3A /* Base */ = {isa = PBXFileReference; lastKnownFileType = file.storyboard; name = Base; path = Base.lproj/LaunchScreen.storyboard; sourceTree = "<group>"; };
		06EB85E61C642BA200C7FF3A /* Info.plist */ = {isa = PBXFileReference; lastKnownFileType = text.plist.xml; path = Info.plist; sourceTree = "<group>"; };
		06EB85EB1C642BA200C7FF3A /* practice3Tests.xctest */ = {isa = PBXFileReference; explicitFileType = wrapper.cfbundle; includeInIndex = 0; path = practice3Tests.xctest; sourceTree = BUILT_PRODUCTS_DIR; };
		06EB85EF1C642BA200C7FF3A /* practice3Tests.swift */ = {isa = PBXFileReference; lastKnownFileType = sourcecode.swift; path = practice3Tests.swift; sourceTree = "<group>"; };
		06EB85F11C642BA200C7FF3A /* Info.plist */ = {isa = PBXFileReference; lastKnownFileType = text.plist.xml; path = Info.plist; sourceTree = "<group>"; };
		06EB85F61C642BA200C7FF3A /* practice3UITests.xctest */ = {isa = PBXFileReference; explicitFileType = wrapper.cfbundle; includeInIndex = 0; path = practice3UITests.xctest; sourceTree = BUILT_PRODUCTS_DIR; };
		06EB85FA1C642BA200C7FF3A /* practice3UITests.swift */ = {isa = PBXFileReference; lastKnownFileType = sourcecode.swift; path = practice3UITests.swift; sourceTree = "<group>"; };
		06EB85FC1C642BA200C7FF3A /* Info.plist */ = {isa = PBXFileReference; lastKnownFileType = text.plist.xml; path = Info.plist; sourceTree = "<group>"; };
/* End PBXFileReference section */

/* Begin PBXFrameworksBuildPhase section */
		06EB85D41C642BA200C7FF3A /* Frameworks */ = {
			isa = PBXFrameworksBuildPhase;
			buildActionMask = 2147483647;
			files = (
			);
			runOnlyForDeploymentPostprocessing = 0;
		};
		06EB85E81C642BA200C7FF3A /* Frameworks */ = {
			isa = PBXFrameworksBuildPhase;
			buildActionMask = 2147483647;
			files = (
			);
			runOnlyForDeploymentPostprocessing = 0;
		};
		06EB85F31C642BA200C7FF3A /* Frameworks */ = {
			isa = PBXFrameworksBuildPhase;
			buildActionMask = 2147483647;
			files = (
			);
			runOnlyForDeploymentPostprocessing = 0;
		};
/* End PBXFrameworksBuildPhase section */

/* Begin PBXGroup section */
		06EB85CE1C642BA200C7FF3A = {
			isa = PBXGroup;
			children = (
				06EB85D91C642BA200C7FF3A /* practice3 */,
				06EB85EE1C642BA200C7FF3A /* practice3Tests */,
				06EB85F91C642BA200C7FF3A /* practice3UITests */,
				06EB85D81C642BA200C7FF3A /* Products */,
			);
			sourceTree = "<group>";
		};
		06EB85D81C642BA200C7FF3A /* Products */ = {
			isa = PBXGroup;
			children = (
				06EB85D71C642BA200C7FF3A /* practice3.app */,
				06EB85EB1C642BA200C7FF3A /* practice3Tests.xctest */,
				06EB85F61C642BA200C7FF3A /* practice3UITests.xctest */,
			);
			name = Products;
			sourceTree = "<group>";
		};
		06EB85D91C642BA200C7FF3A /* practice3 */ = {
			isa = PBXGroup;
			children = (
				06EB85DA1C642BA200C7FF3A /* AppDelegate.swift */,
				06EB85DC1C642BA200C7FF3A /* ViewController.swift */,
				06EB85DE1C642BA200C7FF3A /* Main.storyboard */,
				06EB85E11C642BA200C7FF3A /* Assets.xcassets */,
				06EB85E31C642BA200C7FF3A /* LaunchScreen.storyboard */,
				06EB85E61C642BA200C7FF3A /* Info.plist */,
			);
			path = practice3;
			sourceTree = "<group>";
		};
		06EB85EE1C642BA200C7FF3A /* practice3Tests */ = {
			isa = PBXGroup;
			children = (
				06EB85EF1C642BA200C7FF3A /* practice3Tests.swift */,
				06EB85F11C642BA200C7FF3A /* Info.plist */,
			);
			path = practice3Tests;
			sourceTree = "<group>";
		};
		06EB85F91C642BA200C7FF3A /* practice3UITests */ = {
			isa = PBXGroup;
			children = (
				06EB85FA1C642BA200C7FF3A /* practice3UITests.swift */,
				06EB85FC1C642BA200C7FF3A /* Info.plist */,
			);
			path = practice3UITests;
			sourceTree = "<group>";
		};
/* End PBXGroup section */

/* Begin PBXNativeTarget section */
		06EB85D61C642BA200C7FF3A /* practice3 */ = {
			isa = PBXNativeTarget;
			buildConfigurationList = 06EB85FF1C642BA200C7FF3A /* Build configuration list for PBXNativeTarget "practice3" */;
			buildPhases = (
				06EB85D31C642BA200C7FF3A /* Sources */,
				06EB85D41C642BA200C7FF3A /* Frameworks */,
				06EB85D51C642BA200C7FF3A /* Resources */,
			);
			buildRules = (
			);
			dependencies = (
			);
			name = practice3;
			productName = practice3;
			productReference = 06EB85D71C642BA200C7FF3A /* practice3.app */;
			productType = "com.apple.product-type.application";
		};
		06EB85EA1C642BA200C7FF3A /* practice3Tests */ = {
			isa = PBXNativeTarget;
			buildConfigurationList = 06EB86021C642BA200C7FF3A /* Build configuration list for PBXNativeTarget "practice3Tests" */;
			buildPhases = (
				06EB85E71C642BA200C7FF3A /* Sources */,
				06EB85E81C642BA200C7FF3A /* Frameworks */,
				06EB85E91C642BA200C7FF3A /* Resources */,
			);
			buildRules = (
			);
			dependencies = (
				06EB85ED1C642BA200C7FF3A /* PBXTargetDependency */,
			);
			name = practice3Tests;
			productName = practice3Tests;
			productReference = 06EB85EB1C642BA200C7FF3A /* practice3Tests.xctest */;
			productType = "com.apple.product-type.bundle.unit-test";
		};
		06EB85F51C642BA200C7FF3A /* practice3UITests */ = {
			isa = PBXNativeTarget;
			buildConfigurationList = 06EB86051C642BA200C7FF3A /* Build configuration list for PBXNativeTarget "practice3UITests" */;
			buildPhases = (
				06EB85F21C642BA200C7FF3A /* Sources */,
				06EB85F31C642BA200C7FF3A /* Frameworks */,
				06EB85F41C642BA200C7FF3A /* Resources */,
			);
			buildRules = (
			);
			dependencies = (
				06EB85F81C642BA200C7FF3A /* PBXTargetDependency */,
			);
			name = practice3UITests;
			productName = practice3UITests;
			productReference = 06EB85F61C642BA200C7FF3A /* practice3UITests.xctest */;
			productType = "com.apple.product-type.bundle.ui-testing";
		};
/* End PBXNativeTarget section */

/* Begin PBXProject section */
		06EB85CF1C642BA200C7FF3A /* Project object */ = {
			isa = PBXProject;
			attributes = {
				LastSwiftUpdateCheck = 0720;
				LastUpgradeCheck = 0720;
				ORGANIZATIONNAME = "平山大翼";
				TargetAttributes = {
					06EB85D61C642BA200C7FF3A = {
						CreatedOnToolsVersion = 7.2;
					};
					06EB85EA1C642BA200C7FF3A = {
						CreatedOnToolsVersion = 7.2;
						TestTargetID = 06EB85D61C642BA200C7FF3A;
					};
					06EB85F51C642BA200C7FF3A = {
						CreatedOnToolsVersion = 7.2;
						TestTargetID = 06EB85D61C642BA200C7FF3A;
					};
				};
			};
			buildConfigurationList = 06EB85D21C642BA200C7FF3A /* Build configuration list for PBXProject "practice3" */;
			compatibilityVersion = "Xcode 3.2";
			developmentRegion = English;
			hasScannedForEncodings = 0;
			knownRegions = (
				en,
				Base,
			);
			mainGroup = 06EB85CE1C642BA200C7FF3A;
			productRefGroup = 06EB85D81C642BA200C7FF3A /* Products */;
			projectDirPath = "";
			projectRoot = "";
			targets = (
				06EB85D61C642BA200C7FF3A /* practice3 */,
				06EB85EA1C642BA200C7FF3A /* practice3Tests */,
				06EB85F51C642BA200C7FF3A /* practice3UITests */,
			);
		};
/* End PBXProject section */

/* Begin PBXResourcesBuildPhase section */
		06EB85D51C642BA200C7FF3A /* Resources */ = {
			isa = PBXResourcesBuildPhase;
			buildActionMask = 2147483647;
			files = (
				06EB85E51C642BA200C7FF3A /* LaunchScreen.storyboard in Resources */,
				06EB85E21C642BA200C7FF3A /* Assets.xcassets in Resources */,
				06EB85E01C642BA200C7FF3A /* Main.storyboard in Resources */,
			);
			runOnlyForDeploymentPostprocessing = 0;
		};
		06EB85E91C642BA200C7FF3A /* Resources */ = {
			isa = PBXResourcesBuildPhase;
			buildActionMask = 2147483647;
			files = (
			);
			runOnlyForDeploymentPostprocessing = 0;
		};
		06EB85F41C642BA200C7FF3A /* Resources */ = {
			isa = PBXResourcesBuildPhase;
			buildActionMask = 2147483647;
			files = (
			);
			runOnlyForDeploymentPostprocessing = 0;
		};
/* End PBXResourcesBuildPhase section */

/* Begin PBXSourcesBuildPhase section */
		06EB85D31C642BA200C7FF3A /* Sources */ = {
			isa = PBXSourcesBuildPhase;
			buildActionMask = 2147483647;
			files = (
				06EB85DD1C642BA200C7FF3A /* ViewController.swift in Sources */,
				06EB85DB1C642BA200C7FF3A /* AppDelegate.swift in Sources */,
			);
			runOnlyForDeploymentPostprocessing = 0;
		};
		06EB85E71C642BA200C7FF3A /* Sources */ = {
			isa = PBXSourcesBuildPhase;
			buildActionMask = 2147483647;
			files = (
				06EB85F01C642BA200C7FF3A /* practice3Tests.swift in Sources */,
			);
			runOnlyForDeploymentPostprocessing = 0;
		};
		06EB85F21C642BA200C7FF3A /* Sources */ = {
			isa = PBXSourcesBuildPhase;
			buildActionMask = 2147483647;
			files = (
				06EB85FB1C642BA200C7FF3A /* practice3UITests.swift in Sources */,
			);
			runOnlyForDeploymentPostprocessing = 0;
		};
/* End PBXSourcesBuildPhase section */

/* Begin PBXTargetDependency section */
		06EB85ED1C642BA200C7FF3A /* PBXTargetDependency */ = {
			isa = PBXTargetDependency;
			target = 06EB85D61C642BA200C7FF3A /* practice3 */;
			targetProxy = 06EB85EC1C642BA200C7FF3A /* PBXContainerItemProxy */;
		};
		06EB85F81C642BA200C7FF3A /* PBXTargetDependency */ = {
			isa = PBXTargetDependency;
			target = 06EB85D61C642BA200C7FF3A /* practice3 */;
			targetProxy = 06EB85F71C642BA200C7FF3A /* PBXContainerItemProxy */;
		};
/* End PBXTargetDependency section */

/* Begin PBXVariantGroup section */
		06EB85DE1C642BA200C7FF3A /* Main.storyboard */ = {
			isa = PBXVariantGroup;
			children = (
				06EB85DF1C642BA200C7FF3A /* Base */,
			);
			name = Main.storyboard;
			sourceTree = "<group>";
		};
		06EB85E31C642BA200C7FF3A /* LaunchScreen.storyboard */ = {
			isa = PBXVariantGroup;
			children = (
				06EB85E41C642BA200C7FF3A /* Base */,
			);
			name = LaunchScreen.storyboard;
			sourceTree = "<group>";
		};
/* End PBXVariantGroup section */

/* Begin XCBuildConfiguration section */
		06EB85FD1C642BA200C7FF3A /* Debug */ = {
			isa = XCBuildConfiguration;
			buildSettings = {
				ALWAYS_SEARCH_USER_PATHS = NO;
				CLANG_CXX_LANGUAGE_STANDARD = "gnu++0x";
				CLANG_CXX_LIBRARY = "libc++";
				CLANG_ENABLE_MODULES = YES;
				CLANG_ENABLE_OBJC_ARC = YES;
				CLANG_WARN_BOOL_CONVERSION = YES;
				CLANG_WARN_CONSTANT_CONVERSION = YES;
				CLANG_WARN_DIRECT_OBJC_ISA_USAGE = YES_ERROR;
				CLANG_WARN_EMPTY_BODY = YES;
				CLANG_WARN_ENUM_CONVERSION = YES;
				CLANG_WARN_INT_CONVERSION = YES;
				CLANG_WARN_OBJC_ROOT_CLASS = YES_ERROR;
				CLANG_WARN_UNREACHABLE_CODE = YES;
				CLANG_WARN__DUPLICATE_METHOD_MATCH = YES;
				"CODE_SIGN_IDENTITY[sdk=iphoneos*]" = "iPhone Developer";
				COPY_PHASE_STRIP = NO;
				DEBUG_INFORMATION_FORMAT = dwarf;
				ENABLE_STRICT_OBJC_MSGSEND = YES;
				ENABLE_TESTABILITY = YES;
				GCC_C_LANGUAGE_STANDARD = gnu99;
				GCC_DYNAMIC_NO_PIC = NO;
				GCC_NO_COMMON_BLOCKS = YES;
				GCC_OPTIMIZATION_LEVEL = 0;
				GCC_PREPROCESSOR_DEFINITIONS = (
					"DEBUG=1",
					"$(inherited)",
				);
				GCC_WARN_64_TO_32_BIT_CONVERSION = YES;
				GCC_WARN_ABOUT_RETURN_TYPE = YES_ERROR;
				GCC_WARN_UNDECLARED_SELECTOR = YES;
				GCC_WARN_UNINITIALIZED_AUTOS = YES_AGGRESSIVE;
				GCC_WARN_UNUSED_FUNCTION = YES;
				GCC_WARN_UNUSED_VARIABLE = YES;
				IPHONEOS_DEPLOYMENT_TARGET = 9.2;
				MTL_ENABLE_DEBUG_INFO = YES;
				ONLY_ACTIVE_ARCH = YES;
				SDKROOT = iphoneos;
				SWIFT_OPTIMIZATION_LEVEL = "-Onone";
			};
			name = Debug;
		};
		06EB85FE1C642BA200C7FF3A /* Release */ = {
			isa = XCBuildConfiguration;
			buildSettings = {
				ALWAYS_SEARCH_USER_PATHS = NO;
				CLANG_CXX_LANGUAGE_STANDARD = "gnu++0x";
				CLANG_CXX_LIBRARY = "libc++";
				CLANG_ENABLE_MODULES = YES;
				CLANG_ENABLE_OBJC_ARC = YES;
				CLANG_WARN_BOOL_CONVERSION = YES;
				CLANG_WARN_CONSTANT_CONVERSION = YES;
				CLANG_WARN_DIRECT_OBJC_ISA_USAGE = YES_ERROR;
				CLANG_WARN_EMPTY_BODY = YES;
				CLANG_WARN_ENUM_CONVERSION = YES;
				CLANG_WARN_INT_CONVERSION = YES;
				CLANG_WARN_OBJC_ROOT_CLASS = YES_ERROR;
				CLANG_WARN_UNREACHABLE_CODE = YES;
				CLANG_WARN__DUPLICATE_METHOD_MATCH = YES;
				"CODE_SIGN_IDENTITY[sdk=iphoneos*]" = "iPhone Developer";
				COPY_PHASE_STRIP = NO;
				DEBUG_INFORMATION_FORMAT = "dwarf-with-dsym";
				ENABLE_NS_ASSERTIONS = NO;
				ENABLE_STRICT_OBJC_MSGSEND = YES;
				GCC_C_LANGUAGE_STANDARD = gnu99;
				GCC_NO_COMMON_BLOCKS = YES;
				GCC_WARN_64_TO_32_BIT_CONVERSION = YES;
				GCC_WARN_ABOUT_RETURN_TYPE = YES_ERROR;
				GCC_WARN_UNDECLARED_SELECTOR = YES;
				GCC_WARN_UNINITIALIZED_AUTOS = YES_AGGRESSIVE;
				GCC_WARN_UNUSED_FUNCTION = YES;
				GCC_WARN_UNUSED_VARIABLE = YES;
				IPHONEOS_DEPLOYMENT_TARGET = 9.2;
				MTL_ENABLE_DEBUG_INFO = NO;
				SDKROOT = iphoneos;
				VALIDATE_PRODUCT = YES;
			};
			name = Release;
		};
		06EB86001C642BA200C7FF3A /* Debug */ = {
			isa = XCBuildConfiguration;
			buildSettings = {
				ASSETCATALOG_COMPILER_APPICON_NAME = AppIcon;
				INFOPLIST_FILE = practice3/Info.plist;
				LD_RUNPATH_SEARCH_PATHS = "$(inherited) @executable_path/Frameworks";
				PRODUCT_BUNDLE_IDENTIFIER = hirayama.practice3;
				PRODUCT_NAME = "$(TARGET_NAME)";
			};
			name = Debug;
		};
		06EB86011C642BA200C7FF3A /* Release */ = {
			isa = XCBuildConfiguration;
			buildSettings = {
				ASSETCATALOG_COMPILER_APPICON_NAME = AppIcon;
				INFOPLIST_FILE = practice3/Info.plist;
				LD_RUNPATH_SEARCH_PATHS = "$(inherited) @executable_path/Frameworks";
				PRODUCT_BUNDLE_IDENTIFIER = hirayama.practice3;
				PRODUCT_NAME = "$(TARGET_NAME)";
			};
			name = Release;
		};
		06EB86031C642BA200C7FF3A /* Debug */ = {
			isa = XCBuildConfiguration;
			buildSettings = {
				BUNDLE_LOADER = "$(TEST_HOST)";
				INFOPLIST_FILE = practice3Tests/Info.plist;
				LD_RUNPATH_SEARCH_PATHS = "$(inherited) @executable_path/Frameworks @loader_path/Frameworks";
				PRODUCT_BUNDLE_IDENTIFIER = hirayama.practice3Tests;
				PRODUCT_NAME = "$(TARGET_NAME)";
				TEST_HOST = "$(BUILT_PRODUCTS_DIR)/practice3.app/practice3";
			};
			name = Debug;
		};
		06EB86041C642BA200C7FF3A /* Release */ = {
			isa = XCBuildConfiguration;
			buildSettings = {
				BUNDLE_LOADER = "$(TEST_HOST)";
				INFOPLIST_FILE = practice3Tests/Info.plist;
				LD_RUNPATH_SEARCH_PATHS = "$(inherited) @executable_path/Frameworks @loader_path/Frameworks";
				PRODUCT_BUNDLE_IDENTIFIER = hirayama.practice3Tests;
				PRODUCT_NAME = "$(TARGET_NAME)";
				TEST_HOST = "$(BUILT_PRODUCTS_DIR)/practice3.app/practice3";
			};
			name = Release;
		};
		06EB86061C642BA200C7FF3A /* Debug */ = {
			isa = XCBuildConfiguration;
			buildSettings = {
				INFOPLIST_FILE = practice3UITests/Info.plist;
				LD_RUNPATH_SEARCH_PATHS = "$(inherited) @executable_path/Frameworks @loader_path/Frameworks";
				PRODUCT_BUNDLE_IDENTIFIER = hirayama.practice3UITests;
				PRODUCT_NAME = "$(TARGET_NAME)";
				TEST_TARGET_NAME = practice3;
				USES_XCTRUNNER = YES;
			};
			name = Debug;
		};
		06EB86071C642BA200C7FF3A /* Release */ = {
			isa = XCBuildConfiguration;
			buildSettings = {
				INFOPLIST_FILE = practice3UITests/Info.plist;
				LD_RUNPATH_SEARCH_PATHS = "$(inherited) @executable_path/Frameworks @loader_path/Frameworks";
				PRODUCT_BUNDLE_IDENTIFIER = hirayama.practice3UITests;
				PRODUCT_NAME = "$(TARGET_NAME)";
				TEST_TARGET_NAME = practice3;
				USES_XCTRUNNER = YES;
			};
			name = Release;
		};
/* End XCBuildConfiguration section */

/* Begin XCConfigurationList section */
		06EB85D21C642BA200C7FF3A /* Build configuration list for PBXProject "practice3" */ = {
			isa = XCConfigurationList;
			buildConfigurations = (
				06EB85FD1C642BA200C7FF3A /* Debug */,
				06EB85FE1C642BA200C7FF3A /* Release */,
			);
			defaultConfigurationIsVisible = 0;
			defaultConfigurationName = Release;
		};
		06EB85FF1C642BA200C7FF3A /* Build configuration list for PBXNativeTarget "practice3" */ = {
			isa = XCConfigurationList;
			buildConfigurations = (
				06EB86001C642BA200C7FF3A /* Debug */,
				06EB86011C642BA200C7FF3A /* Release */,
			);
			defaultConfigurationIsVisible = 0;
		};
		06EB86021C642BA200C7FF3A /* Build configuration list for PBXNativeTarget "practice3Tests" */ = {
			isa = XCConfigurationList;
			buildConfigurations = (
				06EB86031C642BA200C7FF3A /* Debug */,
				06EB86041C642BA200C7FF3A /* Release */,
			);
			defaultConfigurationIsVisible = 0;
		};
		06EB86051C642BA200C7FF3A /* Build configuration list for PBXNativeTarget "practice3UITests" */ = {
			isa = XCConfigurationList;
			buildConfigurations = (
				06EB86061C642BA200C7FF3A /* Debug */,
				06EB86071C642BA200C7FF3A /* Release */,
			);
			defaultConfigurationIsVisible = 0;
		};
/* End XCConfigurationList section */
	};
	rootObject = 06EB85CF1C642BA200C7FF3A /* Project object */;
}
